// !$*UTF8*$!
{
	archiveVersion = 1;
	classes = {
	};
	objectVersion = 50;
	objects = {

/* Begin PBXBuildFile section */
		3B12A95A265A5CBD000131D4 /* AppDelegate.m in Sources */ = {isa = PBXBuildFile; fileRef = 3B12A959265A5CBD000131D4 /* AppDelegate.m */; };
		3B12A960265A5CBD000131D4 /* ViewController.m in Sources */ = {isa = PBXBuildFile; fileRef = 3B12A95F265A5CBD000131D4 /* ViewController.m */; };
		3B12A963265A5CBD000131D4 /* Main.storyboard in Resources */ = {isa = PBXBuildFile; fileRef = 3B12A961265A5CBD000131D4 /* Main.storyboard */; };
		3B12A965265A5CC1000131D4 /* Assets.xcassets in Resources */ = {isa = PBXBuildFile; fileRef = 3B12A964265A5CC1000131D4 /* Assets.xcassets */; };
		3B12A968265A5CC1000131D4 /* LaunchScreen.storyboard in Resources */ = {isa = PBXBuildFile; fileRef = 3B12A966265A5CC1000131D4 /* LaunchScreen.storyboard */; };
		3B12A96B265A5CC1000131D4 /* main.m in Sources */ = {isa = PBXBuildFile; fileRef = 3B12A96A265A5CC1000131D4 /* main.m */; };
		3B12A975265A5CC1000131D4 /* rac_testTests.m in Sources */ = {isa = PBXBuildFile; fileRef = 3B12A974265A5CC1000131D4 /* rac_testTests.m */; };
		3B12A980265A5CC1000131D4 /* rac_testUITests.m in Sources */ = {isa = PBXBuildFile; fileRef = 3B12A97F265A5CC1000131D4 /* rac_testUITests.m */; };
		3B51B7E1267F7F5800184A51 /* DLLoginViewController.m in Sources */ = {isa = PBXBuildFile; fileRef = 3B51B7E0267F7F5800184A51 /* DLLoginViewController.m */; };
		3B51B7E4267F9CFE00184A51 /* RACLoginViewController.m in Sources */ = {isa = PBXBuildFile; fileRef = 3B51B7E3267F9CFE00184A51 /* RACLoginViewController.m */; };
		3B51B7E7267F9E1500184A51 /* RACLoginVM.m in Sources */ = {isa = PBXBuildFile; fileRef = 3B51B7E6267F9E1500184A51 /* RACLoginVM.m */; };
		6D0636A513BB5B4835A1300C /* libPods-rac_test.a in Frameworks */ = {isa = PBXBuildFile; fileRef = B5D0E2B1CE1D5C53DDE3942F /* libPods-rac_test.a */; };
		749B382B265B52F200FEA353 /* SecondViewController.m in Sources */ = {isa = PBXBuildFile; fileRef = 749B382A265B52F200FEA353 /* SecondViewController.m */; };
		749B383B265B7E0000FEA353 /* DLLoginModel.m in Sources */ = {isa = PBXBuildFile; fileRef = 749B383A265B7E0000FEA353 /* DLLoginModel.m */; };
		749B3841265B828100FEA353 /* DLLoginViewModel.m in Sources */ = {isa = PBXBuildFile; fileRef = 749B3840265B828100FEA353 /* DLLoginViewModel.m */; };
		749B39222664D90400FEA353 /* ResponsePersonalInformation.m in Sources */ = {isa = PBXBuildFile; fileRef = 749B39212664D90400FEA353 /* ResponsePersonalInformation.m */; };
		749B392A2664DADB00FEA353 /* PersonalInformationTests.m in Sources */ = {isa = PBXBuildFile; fileRef = 749B39292664DADB00FEA353 /* PersonalInformationTests.m */; };
		749B392E2664DE6500FEA353 /* ResponsePersonalInformation.m in Sources */ = {isa = PBXBuildFile; fileRef = 749B39212664D90400FEA353 /* ResponsePersonalInformation.m */; };
/* End PBXBuildFile section */

/* Begin PBXContainerItemProxy section */
		3B12A971265A5CC1000131D4 /* PBXContainerItemProxy */ = {
			isa = PBXContainerItemProxy;
			containerPortal = 3B12A94D265A5CBD000131D4 /* Project object */;
			proxyType = 1;
			remoteGlobalIDString = 3B12A954265A5CBD000131D4;
			remoteInfo = rac_test;
		};
		3B12A97C265A5CC1000131D4 /* PBXContainerItemProxy */ = {
			isa = PBXContainerItemProxy;
			containerPortal = 3B12A94D265A5CBD000131D4 /* Project object */;
			proxyType = 1;
			remoteGlobalIDString = 3B12A954265A5CBD000131D4;
			remoteInfo = rac_test;
		};
/* End PBXContainerItemProxy section */

/* Begin PBXFileReference section */
		318FC055ABD4E3A8C9248AED /* Pods-rac_test.release.xcconfig */ = {isa = PBXFileReference; includeInIndex = 1; lastKnownFileType = text.xcconfig; name = "Pods-rac_test.release.xcconfig"; path = "Target Support Files/Pods-rac_test/Pods-rac_test.release.xcconfig"; sourceTree = "<group>"; };
		3B12A955265A5CBD000131D4 /* rac_test.app */ = {isa = PBXFileReference; explicitFileType = wrapper.application; includeInIndex = 0; path = rac_test.app; sourceTree = BUILT_PRODUCTS_DIR; };
		3B12A958265A5CBD000131D4 /* AppDelegate.h */ = {isa = PBXFileReference; lastKnownFileType = sourcecode.c.h; path = AppDelegate.h; sourceTree = "<group>"; };
		3B12A959265A5CBD000131D4 /* AppDelegate.m */ = {isa = PBXFileReference; lastKnownFileType = sourcecode.c.objc; path = AppDelegate.m; sourceTree = "<group>"; };
		3B12A95E265A5CBD000131D4 /* ViewController.h */ = {isa = PBXFileReference; lastKnownFileType = sourcecode.c.h; path = ViewController.h; sourceTree = "<group>"; };
		3B12A95F265A5CBD000131D4 /* ViewController.m */ = {isa = PBXFileReference; lastKnownFileType = sourcecode.c.objc; path = ViewController.m; sourceTree = "<group>"; };
		3B12A962265A5CBD000131D4 /* Base */ = {isa = PBXFileReference; lastKnownFileType = file.storyboard; name = Base; path = Base.lproj/Main.storyboard; sourceTree = "<group>"; };
		3B12A964265A5CC1000131D4 /* Assets.xcassets */ = {isa = PBXFileReference; lastKnownFileType = folder.assetcatalog; path = Assets.xcassets; sourceTree = "<group>"; };
		3B12A967265A5CC1000131D4 /* Base */ = {isa = PBXFileReference; lastKnownFileType = file.storyboard; name = Base; path = Base.lproj/LaunchScreen.storyboard; sourceTree = "<group>"; };
		3B12A969265A5CC1000131D4 /* Info.plist */ = {isa = PBXFileReference; lastKnownFileType = text.plist.xml; path = Info.plist; sourceTree = "<group>"; };
		3B12A96A265A5CC1000131D4 /* main.m */ = {isa = PBXFileReference; lastKnownFileType = sourcecode.c.objc; path = main.m; sourceTree = "<group>"; };
		3B12A970265A5CC1000131D4 /* rac_testTests.xctest */ = {isa = PBXFileReference; explicitFileType = wrapper.cfbundle; includeInIndex = 0; path = rac_testTests.xctest; sourceTree = BUILT_PRODUCTS_DIR; };
		3B12A974265A5CC1000131D4 /* rac_testTests.m */ = {isa = PBXFileReference; lastKnownFileType = sourcecode.c.objc; path = rac_testTests.m; sourceTree = "<group>"; };
		3B12A976265A5CC1000131D4 /* Info.plist */ = {isa = PBXFileReference; lastKnownFileType = text.plist.xml; path = Info.plist; sourceTree = "<group>"; };
		3B12A97B265A5CC1000131D4 /* rac_testUITests.xctest */ = {isa = PBXFileReference; explicitFileType = wrapper.cfbundle; includeInIndex = 0; path = rac_testUITests.xctest; sourceTree = BUILT_PRODUCTS_DIR; };
		3B12A97F265A5CC1000131D4 /* rac_testUITests.m */ = {isa = PBXFileReference; lastKnownFileType = sourcecode.c.objc; path = rac_testUITests.m; sourceTree = "<group>"; };
		3B12A981265A5CC1000131D4 /* Info.plist */ = {isa = PBXFileReference; lastKnownFileType = text.plist.xml; path = Info.plist; sourceTree = "<group>"; };
		3B51B7DF267F7F5800184A51 /* DLLoginViewController.h */ = {isa = PBXFileReference; lastKnownFileType = sourcecode.c.h; path = DLLoginViewController.h; sourceTree = "<group>"; };
		3B51B7E0267F7F5800184A51 /* DLLoginViewController.m */ = {isa = PBXFileReference; lastKnownFileType = sourcecode.c.objc; path = DLLoginViewController.m; sourceTree = "<group>"; };
		3B51B7E2267F9CFE00184A51 /* RACLoginViewController.h */ = {isa = PBXFileReference; lastKnownFileType = sourcecode.c.h; path = RACLoginViewController.h; sourceTree = "<group>"; };
		3B51B7E3267F9CFE00184A51 /* RACLoginViewController.m */ = {isa = PBXFileReference; lastKnownFileType = sourcecode.c.objc; path = RACLoginViewController.m; sourceTree = "<group>"; };
		3B51B7E5267F9E1500184A51 /* RACLoginVM.h */ = {isa = PBXFileReference; lastKnownFileType = sourcecode.c.h; path = RACLoginVM.h; sourceTree = "<group>"; };
		3B51B7E6267F9E1500184A51 /* RACLoginVM.m */ = {isa = PBXFileReference; lastKnownFileType = sourcecode.c.objc; path = RACLoginVM.m; sourceTree = "<group>"; };
		749B3829265B52F200FEA353 /* SecondViewController.h */ = {isa = PBXFileReference; lastKnownFileType = sourcecode.c.h; path = SecondViewController.h; sourceTree = "<group>"; };
		749B382A265B52F200FEA353 /* SecondViewController.m */ = {isa = PBXFileReference; lastKnownFileType = sourcecode.c.objc; path = SecondViewController.m; sourceTree = "<group>"; };
		749B3839265B7E0000FEA353 /* DLLoginModel.h */ = {isa = PBXFileReference; lastKnownFileType = sourcecode.c.h; path = DLLoginModel.h; sourceTree = "<group>"; };
		749B383A265B7E0000FEA353 /* DLLoginModel.m */ = {isa = PBXFileReference; lastKnownFileType = sourcecode.c.objc; path = DLLoginModel.m; sourceTree = "<group>"; };
		749B383F265B828100FEA353 /* DLLoginViewModel.h */ = {isa = PBXFileReference; lastKnownFileType = sourcecode.c.h; path = DLLoginViewModel.h; sourceTree = "<group>"; };
		749B3840265B828100FEA353 /* DLLoginViewModel.m */ = {isa = PBXFileReference; lastKnownFileType = sourcecode.c.objc; path = DLLoginViewModel.m; sourceTree = "<group>"; };
		749B39202664D90400FEA353 /* ResponsePersonalInformation.h */ = {isa = PBXFileReference; lastKnownFileType = sourcecode.c.h; path = ResponsePersonalInformation.h; sourceTree = "<group>"; };
		749B39212664D90400FEA353 /* ResponsePersonalInformation.m */ = {isa = PBXFileReference; lastKnownFileType = sourcecode.c.objc; path = ResponsePersonalInformation.m; sourceTree = "<group>"; };
		749B39292664DADB00FEA353 /* PersonalInformationTests.m */ = {isa = PBXFileReference; lastKnownFileType = sourcecode.c.objc; path = PersonalInformationTests.m; sourceTree = "<group>"; };
		9D4F07661AE9A947899822A5 /* Pods-rac_test.debug.xcconfig */ = {isa = PBXFileReference; includeInIndex = 1; lastKnownFileType = text.xcconfig; name = "Pods-rac_test.debug.xcconfig"; path = "Target Support Files/Pods-rac_test/Pods-rac_test.debug.xcconfig"; sourceTree = "<group>"; };
		B5D0E2B1CE1D5C53DDE3942F /* libPods-rac_test.a */ = {isa = PBXFileReference; explicitFileType = archive.ar; includeInIndex = 0; path = "libPods-rac_test.a"; sourceTree = BUILT_PRODUCTS_DIR; };
/* End PBXFileReference section */

/* Begin PBXFrameworksBuildPhase section */
		3B12A952265A5CBD000131D4 /* Frameworks */ = {
			isa = PBXFrameworksBuildPhase;
			buildActionMask = 2147483647;
			files = (
				6D0636A513BB5B4835A1300C /* libPods-rac_test.a in Frameworks */,
			);
			runOnlyForDeploymentPostprocessing = 0;
		};
		3B12A96D265A5CC1000131D4 /* Frameworks */ = {
			isa = PBXFrameworksBuildPhase;
			buildActionMask = 2147483647;
			files = (
			);
			runOnlyForDeploymentPostprocessing = 0;
		};
		3B12A978265A5CC1000131D4 /* Frameworks */ = {
			isa = PBXFrameworksBuildPhase;
			buildActionMask = 2147483647;
			files = (
			);
			runOnlyForDeploymentPostprocessing = 0;
		};
/* End PBXFrameworksBuildPhase section */

/* Begin PBXGroup section */
		3B12A94C265A5CBD000131D4 = {
			isa = PBXGroup;
			children = (
				3B12A957265A5CBD000131D4 /* rac_test */,
				3B12A973265A5CC1000131D4 /* rac_testTests */,
				3B12A97E265A5CC1000131D4 /* rac_testUITests */,
				3B12A956265A5CBD000131D4 /* Products */,
				7E3D9F4FC66FE1A23FB7887E /* Pods */,
				BCC15F3158B49C9BF23FB4E2 /* Frameworks */,
			);
			sourceTree = "<group>";
		};
		3B12A956265A5CBD000131D4 /* Products */ = {
			isa = PBXGroup;
			children = (
				3B12A955265A5CBD000131D4 /* rac_test.app */,
				3B12A970265A5CC1000131D4 /* rac_testTests.xctest */,
				3B12A97B265A5CC1000131D4 /* rac_testUITests.xctest */,
			);
			name = Products;
			sourceTree = "<group>";
		};
		3B12A957265A5CBD000131D4 /* rac_test */ = {
			isa = PBXGroup;
			children = (
				3B12A958265A5CBD000131D4 /* AppDelegate.h */,
				3B12A959265A5CBD000131D4 /* AppDelegate.m */,
				3B12A95E265A5CBD000131D4 /* ViewController.h */,
				3B12A95F265A5CBD000131D4 /* ViewController.m */,
				749B3829265B52F200FEA353 /* SecondViewController.h */,
				749B382A265B52F200FEA353 /* SecondViewController.m */,
				3B51B7E2267F9CFE00184A51 /* RACLoginViewController.h */,
				3B51B7E3267F9CFE00184A51 /* RACLoginViewController.m */,
				3B51B7E5267F9E1500184A51 /* RACLoginVM.h */,
				3B51B7E6267F9E1500184A51 /* RACLoginVM.m */,
				3B51B7DF267F7F5800184A51 /* DLLoginViewController.h */,
				3B51B7E0267F7F5800184A51 /* DLLoginViewController.m */,
				749B383F265B828100FEA353 /* DLLoginViewModel.h */,
				749B3840265B828100FEA353 /* DLLoginViewModel.m */,
				749B3839265B7E0000FEA353 /* DLLoginModel.h */,
				749B383A265B7E0000FEA353 /* DLLoginModel.m */,
				749B39202664D90400FEA353 /* ResponsePersonalInformation.h */,
				749B39212664D90400FEA353 /* ResponsePersonalInformation.m */,
				3B12A961265A5CBD000131D4 /* Main.storyboard */,
				3B12A964265A5CC1000131D4 /* Assets.xcassets */,
				3B12A966265A5CC1000131D4 /* LaunchScreen.storyboard */,
				3B12A969265A5CC1000131D4 /* Info.plist */,
				3B12A96A265A5CC1000131D4 /* main.m */,
			);
			path = rac_test;
			sourceTree = "<group>";
		};
		3B12A973265A5CC1000131D4 /* rac_testTests */ = {
			isa = PBXGroup;
			children = (
				3B12A974265A5CC1000131D4 /* rac_testTests.m */,
				749B39292664DADB00FEA353 /* PersonalInformationTests.m */,
				3B12A976265A5CC1000131D4 /* Info.plist */,
			);
			path = rac_testTests;
			sourceTree = "<group>";
		};
		3B12A97E265A5CC1000131D4 /* rac_testUITests */ = {
			isa = PBXGroup;
			children = (
				3B12A97F265A5CC1000131D4 /* rac_testUITests.m */,
				3B12A981265A5CC1000131D4 /* Info.plist */,
			);
			path = rac_testUITests;
			sourceTree = "<group>";
		};
		7E3D9F4FC66FE1A23FB7887E /* Pods */ = {
			isa = PBXGroup;
			children = (
				9D4F07661AE9A947899822A5 /* Pods-rac_test.debug.xcconfig */,
				318FC055ABD4E3A8C9248AED /* Pods-rac_test.release.xcconfig */,
			);
			path = Pods;
			sourceTree = "<group>";
		};
		BCC15F3158B49C9BF23FB4E2 /* Frameworks */ = {
			isa = PBXGroup;
			children = (
				B5D0E2B1CE1D5C53DDE3942F /* libPods-rac_test.a */,
			);
			name = Frameworks;
			sourceTree = "<group>";
		};
/* End PBXGroup section */

/* Begin PBXNativeTarget section */
		3B12A954265A5CBD000131D4 /* rac_test */ = {
			isa = PBXNativeTarget;
			buildConfigurationList = 3B12A984265A5CC1000131D4 /* Build configuration list for PBXNativeTarget "rac_test" */;
			buildPhases = (
				4B6461857B64B01727CB5AE5 /* [CP] Check Pods Manifest.lock */,
				3B12A951265A5CBD000131D4 /* Sources */,
				3B12A952265A5CBD000131D4 /* Frameworks */,
				3B12A953265A5CBD000131D4 /* Resources */,
			);
			buildRules = (
			);
			dependencies = (
			);
			name = rac_test;
			productName = rac_test;
			productReference = 3B12A955265A5CBD000131D4 /* rac_test.app */;
			productType = "com.apple.product-type.application";
		};
		3B12A96F265A5CC1000131D4 /* rac_testTests */ = {
			isa = PBXNativeTarget;
			buildConfigurationList = 3B12A987265A5CC1000131D4 /* Build configuration list for PBXNativeTarget "rac_testTests" */;
			buildPhases = (
				3B12A96C265A5CC1000131D4 /* Sources */,
				3B12A96D265A5CC1000131D4 /* Frameworks */,
				3B12A96E265A5CC1000131D4 /* Resources */,
			);
			buildRules = (
			);
			dependencies = (
				3B12A972265A5CC1000131D4 /* PBXTargetDependency */,
			);
			name = rac_testTests;
			productName = rac_testTests;
			productReference = 3B12A970265A5CC1000131D4 /* rac_testTests.xctest */;
			productType = "com.apple.product-type.bundle.unit-test";
		};
		3B12A97A265A5CC1000131D4 /* rac_testUITests */ = {
			isa = PBXNativeTarget;
			buildConfigurationList = 3B12A98A265A5CC1000131D4 /* Build configuration list for PBXNativeTarget "rac_testUITests" */;
			buildPhases = (
				3B12A977265A5CC1000131D4 /* Sources */,
				3B12A978265A5CC1000131D4 /* Frameworks */,
				3B12A979265A5CC1000131D4 /* Resources */,
			);
			buildRules = (
			);
			dependencies = (
				3B12A97D265A5CC1000131D4 /* PBXTargetDependency */,
			);
			name = rac_testUITests;
			productName = rac_testUITests;
			productReference = 3B12A97B265A5CC1000131D4 /* rac_testUITests.xctest */;
			productType = "com.apple.product-type.bundle.ui-testing";
		};
/* End PBXNativeTarget section */

/* Begin PBXProject section */
		3B12A94D265A5CBD000131D4 /* Project object */ = {
			isa = PBXProject;
			attributes = {
				LastUpgradeCheck = 1130;
				ORGANIZATIONNAME = "董良";
				TargetAttributes = {
					3B12A954265A5CBD000131D4 = {
						CreatedOnToolsVersion = 11.3.1;
					};
					3B12A96F265A5CC1000131D4 = {
						CreatedOnToolsVersion = 11.3.1;
						TestTargetID = 3B12A954265A5CBD000131D4;
					};
					3B12A97A265A5CC1000131D4 = {
						CreatedOnToolsVersion = 11.3.1;
						TestTargetID = 3B12A954265A5CBD000131D4;
					};
				};
			};
			buildConfigurationList = 3B12A950265A5CBD000131D4 /* Build configuration list for PBXProject "rac_test" */;
			compatibilityVersion = "Xcode 9.3";
			developmentRegion = en;
			hasScannedForEncodings = 0;
			knownRegions = (
				en,
				Base,
			);
			mainGroup = 3B12A94C265A5CBD000131D4;
			productRefGroup = 3B12A956265A5CBD000131D4 /* Products */;
			projectDirPath = "";
			projectRoot = "";
			targets = (
				3B12A954265A5CBD000131D4 /* rac_test */,
				3B12A96F265A5CC1000131D4 /* rac_testTests */,
				3B12A97A265A5CC1000131D4 /* rac_testUITests */,
			);
		};
/* End PBXProject section */

/* Begin PBXResourcesBuildPhase section */
		3B12A953265A5CBD000131D4 /* Resources */ = {
			isa = PBXResourcesBuildPhase;
			buildActionMask = 2147483647;
			files = (
				3B12A968265A5CC1000131D4 /* LaunchScreen.storyboard in Resources */,
				3B12A965265A5CC1000131D4 /* Assets.xcassets in Resources */,
				3B12A963265A5CBD000131D4 /* Main.storyboard in Resources */,
			);
			runOnlyForDeploymentPostprocessing = 0;
		};
		3B12A96E265A5CC1000131D4 /* Resources */ = {
			isa = PBXResourcesBuildPhase;
			buildActionMask = 2147483647;
			files = (
			);
			runOnlyForDeploymentPostprocessing = 0;
		};
		3B12A979265A5CC1000131D4 /* Resources */ = {
			isa = PBXResourcesBuildPhase;
			buildActionMask = 2147483647;
			files = (
			);
			runOnlyForDeploymentPostprocessing = 0;
		};
/* End PBXResourcesBuildPhase section */

/* Begin PBXShellScriptBuildPhase section */
		4B6461857B64B01727CB5AE5 /* [CP] Check Pods Manifest.lock */ = {
			isa = PBXShellScriptBuildPhase;
			buildActionMask = 2147483647;
			files = (
			);
			inputFileListPaths = (
			);
			inputPaths = (
				"${PODS_PODFILE_DIR_PATH}/Podfile.lock",
				"${PODS_ROOT}/Manifest.lock",
			);
			name = "[CP] Check Pods Manifest.lock";
			outputFileListPaths = (
			);
			outputPaths = (
				"$(DERIVED_FILE_DIR)/Pods-rac_test-checkManifestLockResult.txt",
			);
			runOnlyForDeploymentPostprocessing = 0;
			shellPath = /bin/sh;
			shellScript = "diff \"${PODS_PODFILE_DIR_PATH}/Podfile.lock\" \"${PODS_ROOT}/Manifest.lock\" > /dev/null\nif [ $? != 0 ] ; then\n    # print error to STDERR\n    echo \"error: The sandbox is not in sync with the Podfile.lock. Run 'pod install' or update your CocoaPods installation.\" >&2\n    exit 1\nfi\n# This output is used by Xcode 'outputs' to avoid re-running this script phase.\necho \"SUCCESS\" > \"${SCRIPT_OUTPUT_FILE_0}\"\n";
			showEnvVarsInLog = 0;
		};
/* End PBXShellScriptBuildPhase section */

/* Begin PBXSourcesBuildPhase section */
		3B12A951265A5CBD000131D4 /* Sources */ = {
			isa = PBXSourcesBuildPhase;
			buildActionMask = 2147483647;
			files = (
				749B3841265B828100FEA353 /* DLLoginViewModel.m in Sources */,
				3B51B7E4267F9CFE00184A51 /* RACLoginViewController.m in Sources */,
				749B382B265B52F200FEA353 /* SecondViewController.m in Sources */,
				3B12A960265A5CBD000131D4 /* ViewController.m in Sources */,
				749B39222664D90400FEA353 /* ResponsePersonalInformation.m in Sources */,
				749B383B265B7E0000FEA353 /* DLLoginModel.m in Sources */,
				3B51B7E7267F9E1500184A51 /* RACLoginVM.m in Sources */,
				3B51B7E1267F7F5800184A51 /* DLLoginViewController.m in Sources */,
				3B12A95A265A5CBD000131D4 /* AppDelegate.m in Sources */,
				3B12A96B265A5CC1000131D4 /* main.m in Sources */,
			);
			runOnlyForDeploymentPostprocessing = 0;
		};
		3B12A96C265A5CC1000131D4 /* Sources */ = {
			isa = PBXSourcesBuildPhase;
			buildActionMask = 2147483647;
			files = (
				749B392E2664DE6500FEA353 /* ResponsePersonalInformation.m in Sources */,
				749B392A2664DADB00FEA353 /* PersonalInformationTests.m in Sources */,
				3B12A975265A5CC1000131D4 /* rac_testTests.m in Sources */,
			);
			runOnlyForDeploymentPostprocessing = 0;
		};
		3B12A977265A5CC1000131D4 /* Sources */ = {
			isa = PBXSourcesBuildPhase;
			buildActionMask = 2147483647;
			files = (
				3B12A980265A5CC1000131D4 /* rac_testUITests.m in Sources */,
			);
			runOnlyForDeploymentPostprocessing = 0;
		};
/* End PBXSourcesBuildPhase section */

/* Begin PBXTargetDependency section */
		3B12A972265A5CC1000131D4 /* PBXTargetDependency */ = {
			isa = PBXTargetDependency;
			target = 3B12A954265A5CBD000131D4 /* rac_test */;
			targetProxy = 3B12A971265A5CC1000131D4 /* PBXContainerItemProxy */;
		};
		3B12A97D265A5CC1000131D4 /* PBXTargetDependency */ = {
			isa = PBXTargetDependency;
			target = 3B12A954265A5CBD000131D4 /* rac_test */;
			targetProxy = 3B12A97C265A5CC1000131D4 /* PBXContainerItemProxy */;
		};
/* End PBXTargetDependency section */

/* Begin PBXVariantGroup section */
		3B12A961265A5CBD000131D4 /* Main.storyboard */ = {
			isa = PBXVariantGroup;
			children = (
				3B12A962265A5CBD000131D4 /* Base */,
			);
			name = Main.storyboard;
			sourceTree = "<group>";
		};
		3B12A966265A5CC1000131D4 /* LaunchScreen.storyboard */ = {
			isa = PBXVariantGroup;
			children = (
				3B12A967265A5CC1000131D4 /* Base */,
			);
			name = LaunchScreen.storyboard;
			sourceTree = "<group>";
		};
/* End PBXVariantGroup section */

/* Begin XCBuildConfiguration section */
		3B12A982265A5CC1000131D4 /* Debug */ = {
			isa = XCBuildConfiguration;
			buildSettings = {
				ALWAYS_SEARCH_USER_PATHS = NO;
				CLANG_ANALYZER_NONNULL = YES;
				CLANG_ANALYZER_NUMBER_OBJECT_CONVERSION = YES_AGGRESSIVE;
				CLANG_CXX_LANGUAGE_STANDARD = "gnu++14";
				CLANG_CXX_LIBRARY = "libc++";
				CLANG_ENABLE_MODULES = YES;
				CLANG_ENABLE_OBJC_ARC = YES;
				CLANG_ENABLE_OBJC_WEAK = YES;
				CLANG_WARN_BLOCK_CAPTURE_AUTORELEASING = YES;
				CLANG_WARN_BOOL_CONVERSION = YES;
				CLANG_WARN_COMMA = YES;
				CLANG_WARN_CONSTANT_CONVERSION = YES;
				CLANG_WARN_DEPRECATED_OBJC_IMPLEMENTATIONS = YES;
				CLANG_WARN_DIRECT_OBJC_ISA_USAGE = YES_ERROR;
				CLANG_WARN_DOCUMENTATION_COMMENTS = YES;
				CLANG_WARN_EMPTY_BODY = YES;
				CLANG_WARN_ENUM_CONVERSION = YES;
				CLANG_WARN_INFINITE_RECURSION = YES;
				CLANG_WARN_INT_CONVERSION = YES;
				CLANG_WARN_NON_LITERAL_NULL_CONVERSION = YES;
				CLANG_WARN_OBJC_IMPLICIT_RETAIN_SELF = YES;
				CLANG_WARN_OBJC_LITERAL_CONVERSION = YES;
				CLANG_WARN_OBJC_ROOT_CLASS = YES_ERROR;
				CLANG_WARN_RANGE_LOOP_ANALYSIS = YES;
				CLANG_WARN_STRICT_PROTOTYPES = YES;
				CLANG_WARN_SUSPICIOUS_MOVE = YES;
				CLANG_WARN_UNGUARDED_AVAILABILITY = YES_AGGRESSIVE;
				CLANG_WARN_UNREACHABLE_CODE = YES;
				CLANG_WARN__DUPLICATE_METHOD_MATCH = YES;
				COPY_PHASE_STRIP = NO;
				DEBUG_INFORMATION_FORMAT = dwarf;
				ENABLE_STRICT_OBJC_MSGSEND = YES;
				ENABLE_TESTABILITY = YES;
				GCC_C_LANGUAGE_STANDARD = gnu11;
				GCC_DYNAMIC_NO_PIC = NO;
				GCC_NO_COMMON_BLOCKS = YES;
				GCC_OPTIMIZATION_LEVEL = 0;
				GCC_PREPROCESSOR_DEFINITIONS = (
					"DEBUG=1",
					"$(inherited)",
				);
				GCC_WARN_64_TO_32_BIT_CONVERSION = YES;
				GCC_WARN_ABOUT_RETURN_TYPE = YES_ERROR;
				GCC_WARN_UNDECLARED_SELECTOR = YES;
				GCC_WARN_UNINITIALIZED_AUTOS = YES_AGGRESSIVE;
				GCC_WARN_UNUSED_FUNCTION = YES;
				GCC_WARN_UNUSED_VARIABLE = YES;
				IPHONEOS_DEPLOYMENT_TARGET = 13.2;
				MTL_ENABLE_DEBUG_INFO = INCLUDE_SOURCE;
				MTL_FAST_MATH = YES;
				ONLY_ACTIVE_ARCH = YES;
				SDKROOT = iphoneos;
			};
			name = Debug;
		};
		3B12A983265A5CC1000131D4 /* Release */ = {
			isa = XCBuildConfiguration;
			buildSettings = {
				ALWAYS_SEARCH_USER_PATHS = NO;
				CLANG_ANALYZER_NONNULL = YES;
				CLANG_ANALYZER_NUMBER_OBJECT_CONVERSION = YES_AGGRESSIVE;
				CLANG_CXX_LANGUAGE_STANDARD = "gnu++14";
				CLANG_CXX_LIBRARY = "libc++";
				CLANG_ENABLE_MODULES = YES;
				CLANG_ENABLE_OBJC_ARC = YES;
				CLANG_ENABLE_OBJC_WEAK = YES;
				CLANG_WARN_BLOCK_CAPTURE_AUTORELEASING = YES;
				CLANG_WARN_BOOL_CONVERSION = YES;
				CLANG_WARN_COMMA = YES;
				CLANG_WARN_CONSTANT_CONVERSION = YES;
				CLANG_WARN_DEPRECATED_OBJC_IMPLEMENTATIONS = YES;
				CLANG_WARN_DIRECT_OBJC_ISA_USAGE = YES_ERROR;
				CLANG_WARN_DOCUMENTATION_COMMENTS = YES;
				CLANG_WARN_EMPTY_BODY = YES;
				CLANG_WARN_ENUM_CONVERSION = YES;
				CLANG_WARN_INFINITE_RECURSION = YES;
				CLANG_WARN_INT_CONVERSION = YES;
				CLANG_WARN_NON_LITERAL_NULL_CONVERSION = YES;
				CLANG_WARN_OBJC_IMPLICIT_RETAIN_SELF = YES;
				CLANG_WARN_OBJC_LITERAL_CONVERSION = YES;
				CLANG_WARN_OBJC_ROOT_CLASS = YES_ERROR;
				CLANG_WARN_RANGE_LOOP_ANALYSIS = YES;
				CLANG_WARN_STRICT_PROTOTYPES = YES;
				CLANG_WARN_SUSPICIOUS_MOVE = YES;
				CLANG_WARN_UNGUARDED_AVAILABILITY = YES_AGGRESSIVE;
				CLANG_WARN_UNREACHABLE_CODE = YES;
				CLANG_WARN__DUPLICATE_METHOD_MATCH = YES;
				COPY_PHASE_STRIP = NO;
				DEBUG_INFORMATION_FORMAT = "dwarf-with-dsym";
				ENABLE_NS_ASSERTIONS = NO;
				ENABLE_STRICT_OBJC_MSGSEND = YES;
				GCC_C_LANGUAGE_STANDARD = gnu11;
				GCC_NO_COMMON_BLOCKS = YES;
				GCC_WARN_64_TO_32_BIT_CONVERSION = YES;
				GCC_WARN_ABOUT_RETURN_TYPE = YES_ERROR;
				GCC_WARN_UNDECLARED_SELECTOR = YES;
				GCC_WARN_UNINITIALIZED_AUTOS = YES_AGGRESSIVE;
				GCC_WARN_UNUSED_FUNCTION = YES;
				GCC_WARN_UNUSED_VARIABLE = YES;
				IPHONEOS_DEPLOYMENT_TARGET = 13.2;
				MTL_ENABLE_DEBUG_INFO = NO;
				MTL_FAST_MATH = YES;
				SDKROOT = iphoneos;
				VALIDATE_PRODUCT = YES;
			};
			name = Release;
		};
		3B12A985265A5CC1000131D4 /* Debug */ = {
			isa = XCBuildConfiguration;
			baseConfigurationReference = 9D4F07661AE9A947899822A5 /* Pods-rac_test.debug.xcconfig */;
			buildSettings = {
				ASSETCATALOG_COMPILER_APPICON_NAME = AppIcon;
				CODE_SIGN_STYLE = Automatic;
				DEVELOPMENT_TEAM = LM5Q92D783;
				INFOPLIST_FILE = rac_test/Info.plist;
				LD_RUNPATH_SEARCH_PATHS = (
					"$(inherited)",
					"@executable_path/Frameworks",
				);
				PRODUCT_BUNDLE_IDENTIFIER = "dl.rac-test";
				PRODUCT_NAME = "$(TARGET_NAME)";
				TARGETED_DEVICE_FAMILY = "1,2";
			};
			name = Debug;
		};
		3B12A986265A5CC1000131D4 /* Release */ = {
			isa = XCBuildConfiguration;
			baseConfigurationReference = 318FC055ABD4E3A8C9248AED /* Pods-rac_test.release.xcconfig */;
			buildSettings = {
				ASSETCATALOG_COMPILER_APPICON_NAME = AppIcon;
				CODE_SIGN_STYLE = Automatic;
				DEVELOPMENT_TEAM = LM5Q92D783;
				INFOPLIST_FILE = rac_test/Info.plist;
				LD_RUNPATH_SEARCH_PATHS = (
					"$(inherited)",
					"@executable_path/Frameworks",
				);
				PRODUCT_BUNDLE_IDENTIFIER = "dl.rac-test";
				PRODUCT_NAME = "$(TARGET_NAME)";
				TARGETED_DEVICE_FAMILY = "1,2";
			};
			name = Release;
		};
		3B12A988265A5CC1000131D4 /* Debug */ = {
			isa = XCBuildConfiguration;
			buildSettings = {
				BUNDLE_LOADER = "$(TEST_HOST)";
				CODE_SIGN_STYLE = Automatic;
				DEVELOPMENT_TEAM = LM5Q92D783;
				INFOPLIST_FILE = rac_testTests/Info.plist;
				IPHONEOS_DEPLOYMENT_TARGET = 13.2;
				LD_RUNPATH_SEARCH_PATHS = (
					"$(inherited)",
					"@executable_path/Frameworks",
					"@loader_path/Frameworks",
				);
				PRODUCT_BUNDLE_IDENTIFIER = "dl.rac-testTests";
				PRODUCT_NAME = "$(TARGET_NAME)";
				TARGETED_DEVICE_FAMILY = "1,2";
				TEST_HOST = "$(BUILT_PRODUCTS_DIR)/rac_test.app/rac_test";
			};
			name = Debug;
		};
		3B12A989265A5CC1000131D4 /* Release */ = {
			isa = XCBuildConfiguration;
			buildSettings = {
				BUNDLE_LOADER = "$(TEST_HOST)";
				CODE_SIGN_STYLE = Automatic;
				DEVELOPMENT_TEAM = LM5Q92D783;
				INFOPLIST_FILE = rac_testTests/Info.plist;
				IPHONEOS_DEPLOYMENT_TARGET = 13.2;
				LD_RUNPATH_SEARCH_PATHS = (
					"$(inherited)",
					"@executable_path/Frameworks",
					"@loader_path/Frameworks",
				);
				PRODUCT_BUNDLE_IDENTIFIER = "dl.rac-testTests";
				PRODUCT_NAME = "$(TARGET_NAME)";
				TARGETED_DEVICE_FAMILY = "1,2";
				TEST_HOST = "$(BUILT_PRODUCTS_DIR)/rac_test.app/rac_test";
			};
			name = Release;
		};
		3B12A98B265A5CC1000131D4 /* Debug */ = {
			isa = XCBuildConfiguration;
			buildSettings = {
				CODE_SIGN_STYLE = Automatic;
				DEVELOPMENT_TEAM = LM5Q92D783;
				INFOPLIST_FILE = rac_testUITests/Info.plist;
				LD_RUNPATH_SEARCH_PATHS = (
					"$(inherited)",
					"@executable_path/Frameworks",
					"@loader_path/Frameworks",
				);
				PRODUCT_BUNDLE_IDENTIFIER = "dl.rac-testUITests";
				PRODUCT_NAME = "$(TARGET_NAME)";
				TARGETED_DEVICE_FAMILY = "1,2";
				TEST_TARGET_NAME = rac_test;
			};
			name = Debug;
		};
		3B12A98C265A5CC1000131D4 /* Release */ = {
			isa = XCBuildConfiguration;
			buildSettings = {
				CODE_SIGN_STYLE = Automatic;
				DEVELOPMENT_TEAM = LM5Q92D783;
				INFOPLIST_FILE = rac_testUITests/Info.plist;
				LD_RUNPATH_SEARCH_PATHS = (
					"$(inherited)",
					"@executable_path/Frameworks",
					"@loader_path/Frameworks",
				);
				PRODUCT_BUNDLE_IDENTIFIER = "dl.rac-testUITests";
				PRODUCT_NAME = "$(TARGET_NAME)";
				TARGETED_DEVICE_FAMILY = "1,2";
				TEST_TARGET_NAME = rac_test;
			};
			name = Release;
		};
/* End XCBuildConfiguration section */

/* Begin XCConfigurationList section */
		3B12A950265A5CBD000131D4 /* Build configuration list for PBXProject "rac_test" */ = {
			isa = XCConfigurationList;
			buildConfigurations = (
				3B12A982265A5CC1000131D4 /* Debug */,
				3B12A983265A5CC1000131D4 /* Release */,
			);
			defaultConfigurationIsVisible = 0;
			defaultConfigurationName = Release;
		};
		3B12A984265A5CC1000131D4 /* Build configuration list for PBXNativeTarget "rac_test" */ = {
			isa = XCConfigurationList;
			buildConfigurations = (
				3B12A985265A5CC1000131D4 /* Debug */,
				3B12A986265A5CC1000131D4 /* Release */,
			);
			defaultConfigurationIsVisible = 0;
			defaultConfigurationName = Release;
		};
		3B12A987265A5CC1000131D4 /* Build configuration list for PBXNativeTarget "rac_testTests" */ = {
			isa = XCConfigurationList;
			buildConfigurations = (
				3B12A988265A5CC1000131D4 /* Debug */,
				3B12A989265A5CC1000131D4 /* Release */,
			);
			defaultConfigurationIsVisible = 0;
			defaultConfigurationName = Release;
		};
		3B12A98A265A5CC1000131D4 /* Build configuration list for PBXNativeTarget "rac_testUITests" */ = {
			isa = XCConfigurationList;
			buildConfigurations = (
				3B12A98B265A5CC1000131D4 /* Debug */,
				3B12A98C265A5CC1000131D4 /* Release */,
			);
			defaultConfigurationIsVisible = 0;
			defaultConfigurationName = Release;
		};
/* End XCConfigurationList section */
	};
	rootObject = 3B12A94D265A5CBD000131D4 /* Project object */;
}
